
Microsoft Visual Studio Solution File, Format Version 12.00
# Visual Studio 2013
VisualStudioVersion = 12.0.30501.0
MinimumVisualStudioVersion = 10.0.40219.1
Project("{FAE04EC0-301F-11D3-BF4B-00C04F79EFBC}") = "WhiteBoard", "WhiteBoard\WhiteBoard.csproj", "{79F7F1D1-DD3F-48A3-89E9-3CB61372341E}"
EndProject
Global
	GlobalSection(TeamFoundationVersionControl) = preSolution
		SccNumberOfProjects = 2
		SccEnterpriseProvider = {4CA58AB2-18FA-4F8D-95D4-32DDF27D184C}
		SccTeamFoundationServer = https://macas.visualstudio.com/defaultcollection
		SccLocalPath0 = .
		SccProjectUniqueName1 = WhiteBoard\\WhiteBoard.csproj
		SccProjectName1 = WhiteBoard
		SccLocalPath1 = WhiteBoard
	EndGlobalSection
	GlobalSection(SolutionConfigurationPlatforms) = preSolution
		Debug|Any CPU = Debug|Any CPU
		Release|Any CPU = Release|Any CPU
	EndGlobalSection
	GlobalSection(ProjectConfigurationPlatforms) = postSolution
		{79F7F1D1-DD3F-48A3-89E9-3CB61372341E}.Debug|Any CPU.ActiveCfg = Debug|Any CPU
		{79F7F1D1-DD3F-48A3-89E9-3CB61372341E}.Debug|Any CPU.Build.0 = Debug|Any CPU
		{79F7F1D1-DD3F-48A3-89E9-3CB61372341E}.Release|Any CPU.ActiveCfg = Release|Any CPU
		{79F7F1D1-DD3F-48A3-89E9-3CB61372341E}.Release|Any CPU.Build.0 = Release|Any CPU
	EndGlobalSection
	GlobalSection(SolutionProperties) = preSolution
		HideSolutionNode = FALSE
	EndGlobalSection
EndGlobal
