
Microsoft Visual Studio Solution File, Format Version 12.00
# Visual Studio 2013
VisualStudioVersion = 12.0.31101.0
MinimumVisualStudioVersion = 10.0.40219.1
Project("{FAE04EC0-301F-11D3-BF4B-00C04F79EFBC}") = "WhiteBoard", "WhiteBoard\WhiteBoard.csproj", "{79F7F1D1-DD3F-48A3-89E9-3CB61372341E}"
EndProject
Project("{FAE04EC0-301F-11D3-BF4B-00C04F79EFBC}") = "WhiteBoard.Models", "WhiteBoard.Models\WhiteBoard.Models.csproj", "{08048F85-B433-40A0-9B3F-B5105D0582EC}"
EndProject
Project("{FAE04EC0-301F-11D3-BF4B-00C04F79EFBC}") = "WhiteBoard.Business", "WhiteBoard.Business\WhiteBoard.Business.csproj", "{1669B83F-72C1-49D0-BC58-A233D2DA0A32}"
EndProject
Project("{FAE04EC0-301F-11D3-BF4B-00C04F79EFBC}") = "WhiteBoardImages", "WhiteBoardImages\WhiteBoardImages.csproj", "{E514BDE1-29C6-440E-AC85-8FF3853AE610}"
EndProject
Global
	GlobalSection(SolutionConfigurationPlatforms) = preSolution
		Debug|Any CPU = Debug|Any CPU
		Release|Any CPU = Release|Any CPU
	EndGlobalSection
	GlobalSection(ProjectConfigurationPlatforms) = postSolution
		{79F7F1D1-DD3F-48A3-89E9-3CB61372341E}.Debug|Any CPU.ActiveCfg = Debug|Any CPU
		{79F7F1D1-DD3F-48A3-89E9-3CB61372341E}.Debug|Any CPU.Build.0 = Debug|Any CPU
		{79F7F1D1-DD3F-48A3-89E9-3CB61372341E}.Release|Any CPU.ActiveCfg = Release|Any CPU
		{79F7F1D1-DD3F-48A3-89E9-3CB61372341E}.Release|Any CPU.Build.0 = Release|Any CPU
		{08048F85-B433-40A0-9B3F-B5105D0582EC}.Debug|Any CPU.ActiveCfg = Debug|Any CPU
		{08048F85-B433-40A0-9B3F-B5105D0582EC}.Debug|Any CPU.Build.0 = Debug|Any CPU
		{08048F85-B433-40A0-9B3F-B5105D0582EC}.Release|Any CPU.ActiveCfg = Release|Any CPU
		{08048F85-B433-40A0-9B3F-B5105D0582EC}.Release|Any CPU.Build.0 = Release|Any CPU
		{1669B83F-72C1-49D0-BC58-A233D2DA0A32}.Debug|Any CPU.ActiveCfg = Debug|Any CPU
		{1669B83F-72C1-49D0-BC58-A233D2DA0A32}.Debug|Any CPU.Build.0 = Debug|Any CPU
		{1669B83F-72C1-49D0-BC58-A233D2DA0A32}.Release|Any CPU.ActiveCfg = Release|Any CPU
		{1669B83F-72C1-49D0-BC58-A233D2DA0A32}.Release|Any CPU.Build.0 = Release|Any CPU
		{E514BDE1-29C6-440E-AC85-8FF3853AE610}.Debug|Any CPU.ActiveCfg = Debug|Any CPU
		{E514BDE1-29C6-440E-AC85-8FF3853AE610}.Debug|Any CPU.Build.0 = Debug|Any CPU
		{E514BDE1-29C6-440E-AC85-8FF3853AE610}.Release|Any CPU.ActiveCfg = Release|Any CPU
		{E514BDE1-29C6-440E-AC85-8FF3853AE610}.Release|Any CPU.Build.0 = Release|Any CPU
	EndGlobalSection
	GlobalSection(SolutionProperties) = preSolution
		HideSolutionNode = FALSE
	EndGlobalSection
EndGlobal
